
Microsoft Visual Studio Solution File, Format Version 12.00
# Visual Studio Version 16
VisualStudioVersion = 16.0.30503.244
MinimumVisualStudioVersion = 10.0.40219.1
Project("{FAE04EC0-301F-11D3-BF4B-00C04F79EFBC}") = "Project3(Tester)", "Project3(Tester)\Project3(Tester).csproj", "{D6D9695A-F22C-4899-A96D-12574E511A52}"
EndProject
Project("{FAE04EC0-301F-11D3-BF4B-00C04F79EFBC}") = "DemoLibrary1", "DemoLibrary1\DemoLibrary1.csproj", "{770ECDAA-726A-42A2-8EDE-7B8995D75926}"
EndProject
Global
	GlobalSection(SolutionConfigurationPlatforms) = preSolution
		Debug|Any CPU = Debug|Any CPU
		Release|Any CPU = Release|Any CPU
	EndGlobalSection
	GlobalSection(ProjectConfigurationPlatforms) = postSolution
		{D6D9695A-F22C-4899-A96D-12574E511A52}.Debug|Any CPU.ActiveCfg = Debug|Any CPU
		{D6D9695A-F22C-4899-A96D-12574E511A52}.Debug|Any CPU.Build.0 = Debug|Any CPU
		{D6D9695A-F22C-4899-A96D-12574E511A52}.Release|Any CPU.ActiveCfg = Release|Any CPU
		{D6D9695A-F22C-4899-A96D-12574E511A52}.Release|Any CPU.Build.0 = Release|Any CPU
		{770ECDAA-726A-42A2-8EDE-7B8995D75926}.Debug|Any CPU.ActiveCfg = Debug|Any CPU
		{770ECDAA-726A-42A2-8EDE-7B8995D75926}.Debug|Any CPU.Build.0 = Debug|Any CPU
		{770ECDAA-726A-42A2-8EDE-7B8995D75926}.Release|Any CPU.ActiveCfg = Release|Any CPU
		{770ECDAA-726A-42A2-8EDE-7B8995D75926}.Release|Any CPU.Build.0 = Release|Any CPU
	EndGlobalSection
	GlobalSection(SolutionProperties) = preSolution
		HideSolutionNode = FALSE
	EndGlobalSection
	GlobalSection(ExtensibilityGlobals) = postSolution
		SolutionGuid = {FC737DC0-81C8-48E9-9537-76DDDBBDBF81}
	EndGlobalSection
EndGlobal
